
Microsoft Visual Studio Solution File, Format Version 12.00
# Visual Studio Version 17
VisualStudioVersion = 17.14.36414.22 d17.14
MinimumVisualStudioVersion = 10.0.40219.1
Project("{FAE04EC0-301F-11D3-BF4B-00C04F79EFBC}") = "PatternMatching", "PatternMatching\PatternMatching.csproj", "{C81C7BD8-7DC0-4358-B22C-A668E4417ED9}"
EndProject
Global
	GlobalSection(SolutionConfigurationPlatforms) = preSolution
		Debug|Any CPU = Debug|Any CPU
		Release|Any CPU = Release|Any CPU
	EndGlobalSection
	GlobalSection(ProjectConfigurationPlatforms) = postSolution
		{C81C7BD8-7DC0-4358-B22C-A668E4417ED9}.Debug|Any CPU.ActiveCfg = Debug|Any CPU
		{C81C7BD8-7DC0-4358-B22C-A668E4417ED9}.Debug|Any CPU.Build.0 = Debug|Any CPU
		{C81C7BD8-7DC0-4358-B22C-A668E4417ED9}.Release|Any CPU.ActiveCfg = Release|Any CPU
		{C81C7BD8-7DC0-4358-B22C-A668E4417ED9}.Release|Any CPU.Build.0 = Release|Any CPU
	EndGlobalSection
	GlobalSection(SolutionProperties) = preSolution
		HideSolutionNode = FALSE
	EndGlobalSection
	GlobalSection(ExtensibilityGlobals) = postSolution
		SolutionGuid = {2C6757E7-2602-478A-BC66-77C68B8C8ABF}
	EndGlobalSection
EndGlobal
