
Microsoft Visual Studio Solution File, Format Version 12.00
# Visual Studio Version 17
VisualStudioVersion = 17.14.36414.22 d17.14
MinimumVisualStudioVersion = 10.0.40219.1
Project("{FAE04EC0-301F-11D3-BF4B-00C04F79EFBC}") = "RecordTypes", "RecordTypes\RecordTypes.csproj", "{F690D17F-7442-4EA0-AB29-F1E9095B7D69}"
EndProject
Global
	GlobalSection(SolutionConfigurationPlatforms) = preSolution
		Debug|Any CPU = Debug|Any CPU
		Release|Any CPU = Release|Any CPU
	EndGlobalSection
	GlobalSection(ProjectConfigurationPlatforms) = postSolution
		{F690D17F-7442-4EA0-AB29-F1E9095B7D69}.Debug|Any CPU.ActiveCfg = Debug|Any CPU
		{F690D17F-7442-4EA0-AB29-F1E9095B7D69}.Debug|Any CPU.Build.0 = Debug|Any CPU
		{F690D17F-7442-4EA0-AB29-F1E9095B7D69}.Release|Any CPU.ActiveCfg = Release|Any CPU
		{F690D17F-7442-4EA0-AB29-F1E9095B7D69}.Release|Any CPU.Build.0 = Release|Any CPU
	EndGlobalSection
	GlobalSection(SolutionProperties) = preSolution
		HideSolutionNode = FALSE
	EndGlobalSection
	GlobalSection(ExtensibilityGlobals) = postSolution
		SolutionGuid = {C5386ECD-1E22-443C-8FA2-6CDB1B76CF2F}
	EndGlobalSection
EndGlobal
