
Microsoft Visual Studio Solution File, Format Version 12.00
# Visual Studio Version 17
VisualStudioVersion = 17.14.36414.22 d17.14
MinimumVisualStudioVersion = 10.0.40219.1
Project("{FAE04EC0-301F-11D3-BF4B-00C04F79EFBC}") = "DelegateAndLambda", "DelegateAndLambda\DelegateAndLambda.csproj", "{475AB417-FE81-48AA-BF59-A06BE564A164}"
EndProject
Global
	GlobalSection(SolutionConfigurationPlatforms) = preSolution
		Debug|Any CPU = Debug|Any CPU
		Release|Any CPU = Release|Any CPU
	EndGlobalSection
	GlobalSection(ProjectConfigurationPlatforms) = postSolution
		{475AB417-FE81-48AA-BF59-A06BE564A164}.Debug|Any CPU.ActiveCfg = Debug|Any CPU
		{475AB417-FE81-48AA-BF59-A06BE564A164}.Debug|Any CPU.Build.0 = Debug|Any CPU
		{475AB417-FE81-48AA-BF59-A06BE564A164}.Release|Any CPU.ActiveCfg = Release|Any CPU
		{475AB417-FE81-48AA-BF59-A06BE564A164}.Release|Any CPU.Build.0 = Release|Any CPU
	EndGlobalSection
	GlobalSection(SolutionProperties) = preSolution
		HideSolutionNode = FALSE
	EndGlobalSection
	GlobalSection(ExtensibilityGlobals) = postSolution
		SolutionGuid = {3530FA15-4929-45ED-BF6D-7D4E2A7B16B1}
	EndGlobalSection
EndGlobal
