
Microsoft Visual Studio Solution File, Format Version 12.00
# Visual Studio Version 17
VisualStudioVersion = 17.14.36414.22 d17.14
MinimumVisualStudioVersion = 10.0.40219.1
Project("{FAE04EC0-301F-11D3-BF4B-00C04F79EFBC}") = "Display.ApplicationForm", "Display.Application\Display.ApplicationForm.csproj", "{61AB4119-4784-4874-B829-24DBA944E12D}"
EndProject
Project("{FAE04EC0-301F-11D3-BF4B-00C04F79EFBC}") = "Display.SDK", "Display.SDK\Display.SDK.csproj", "{75FEB790-62F0-423F-B31C-5142C210D84D}"
EndProject
Project("{FAE04EC0-301F-11D3-BF4B-00C04F79EFBC}") = "Display.Library", "Display.Library\Display.Library.csproj", "{70D3F3CD-AA0E-4022-9DA1-223EB71F59A3}"
EndProject
Global
	GlobalSection(SolutionConfigurationPlatforms) = preSolution
		Debug|Any CPU = Debug|Any CPU
		Release|Any CPU = Release|Any CPU
	EndGlobalSection
	GlobalSection(ProjectConfigurationPlatforms) = postSolution
		{61AB4119-4784-4874-B829-24DBA944E12D}.Debug|Any CPU.ActiveCfg = Debug|Any CPU
		{61AB4119-4784-4874-B829-24DBA944E12D}.Debug|Any CPU.Build.0 = Debug|Any CPU
		{61AB4119-4784-4874-B829-24DBA944E12D}.Release|Any CPU.ActiveCfg = Release|Any CPU
		{61AB4119-4784-4874-B829-24DBA944E12D}.Release|Any CPU.Build.0 = Release|Any CPU
		{75FEB790-62F0-423F-B31C-5142C210D84D}.Debug|Any CPU.ActiveCfg = Debug|Any CPU
		{75FEB790-62F0-423F-B31C-5142C210D84D}.Debug|Any CPU.Build.0 = Debug|Any CPU
		{75FEB790-62F0-423F-B31C-5142C210D84D}.Release|Any CPU.ActiveCfg = Release|Any CPU
		{75FEB790-62F0-423F-B31C-5142C210D84D}.Release|Any CPU.Build.0 = Release|Any CPU
		{70D3F3CD-AA0E-4022-9DA1-223EB71F59A3}.Debug|Any CPU.ActiveCfg = Debug|Any CPU
		{70D3F3CD-AA0E-4022-9DA1-223EB71F59A3}.Debug|Any CPU.Build.0 = Debug|Any CPU
		{70D3F3CD-AA0E-4022-9DA1-223EB71F59A3}.Release|Any CPU.ActiveCfg = Release|Any CPU
		{70D3F3CD-AA0E-4022-9DA1-223EB71F59A3}.Release|Any CPU.Build.0 = Release|Any CPU
	EndGlobalSection
	GlobalSection(SolutionProperties) = preSolution
		HideSolutionNode = FALSE
	EndGlobalSection
	GlobalSection(ExtensibilityGlobals) = postSolution
		SolutionGuid = {23EAB976-8F92-4632-8628-64518B3BE5D0}
	EndGlobalSection
EndGlobal
