
Microsoft Visual Studio Solution File, Format Version 12.00
# Visual Studio Version 17
VisualStudioVersion = 17.14.36414.22 d17.14
MinimumVisualStudioVersion = 10.0.40219.1
Project("{FAE04EC0-301F-11D3-BF4B-00C04F79EFBC}") = "TPLOverview", "TPLOverview\TPLOverview.csproj", "{E02E729B-82DF-4F5B-8ED0-2E43835D6D62}"
EndProject
Global
	GlobalSection(SolutionConfigurationPlatforms) = preSolution
		Debug|Any CPU = Debug|Any CPU
		Release|Any CPU = Release|Any CPU
	EndGlobalSection
	GlobalSection(ProjectConfigurationPlatforms) = postSolution
		{E02E729B-82DF-4F5B-8ED0-2E43835D6D62}.Debug|Any CPU.ActiveCfg = Debug|Any CPU
		{E02E729B-82DF-4F5B-8ED0-2E43835D6D62}.Debug|Any CPU.Build.0 = Debug|Any CPU
		{E02E729B-82DF-4F5B-8ED0-2E43835D6D62}.Release|Any CPU.ActiveCfg = Release|Any CPU
		{E02E729B-82DF-4F5B-8ED0-2E43835D6D62}.Release|Any CPU.Build.0 = Release|Any CPU
	EndGlobalSection
	GlobalSection(SolutionProperties) = preSolution
		HideSolutionNode = FALSE
	EndGlobalSection
	GlobalSection(ExtensibilityGlobals) = postSolution
		SolutionGuid = {51B879F3-3634-4411-AAD5-3DFB7A03FDD2}
	EndGlobalSection
EndGlobal
